
Microsoft Visual Studio Solution File, Format Version 12.00
# Visual Studio 15
VisualStudioVersion = 15.0.28010.2036
MinimumVisualStudioVersion = 10.0.40219.1
Project("{FAE04EC0-301F-11D3-BF4B-00C04F79EFBC}") = "Restaurant Information MVC", "Restaurant Information MVC\Restaurant Information MVC.csproj", "{422F9D4A-F9ED-489F-B858-1A2AC9332D31}"
EndProject
Global
	GlobalSection(SolutionConfigurationPlatforms) = preSolution
		Debug|Any CPU = Debug|Any CPU
		Release|Any CPU = Release|Any CPU
	EndGlobalSection
	GlobalSection(ProjectConfigurationPlatforms) = postSolution
		{422F9D4A-F9ED-489F-B858-1A2AC9332D31}.Debug|Any CPU.ActiveCfg = Debug|Any CPU
		{422F9D4A-F9ED-489F-B858-1A2AC9332D31}.Debug|Any CPU.Build.0 = Debug|Any CPU
		{422F9D4A-F9ED-489F-B858-1A2AC9332D31}.Release|Any CPU.ActiveCfg = Release|Any CPU
		{422F9D4A-F9ED-489F-B858-1A2AC9332D31}.Release|Any CPU.Build.0 = Release|Any CPU
	EndGlobalSection
	GlobalSection(SolutionProperties) = preSolution
		HideSolutionNode = FALSE
	EndGlobalSection
	GlobalSection(ExtensibilityGlobals) = postSolution
		SolutionGuid = {F58D9DC0-37A5-4A3C-B537-97FAD6C3ABF8}
	EndGlobalSection
EndGlobal
